version = 1
revision = 3
requires-python = "==3.12.*"

[[package]]
name = "colorama"
version = "0.4.6"
source = { registry = "https://pypi.org/simple" }
sdist = { url = "https://files.pythonhosted.org/packages/d8/53/6f443c9a4a8358a93a6792e2acffb9d9d5cb0a5cfd8802644b7b1c9a02e4/colorama-0.4.6.tar.gz", hash = "sha256:08695f5cb7ed6e0531a20572697297273c47b8cae5a63ffc6d6ed5c201be6e44", size = 27697, upload-time = "2022-10-25T02:36:22.414Z" }
wheels = [
    { url = "https://files.pythonhosted.org/packages/d1/d6/3965ed04c63042e047cb6a3e6ed1a63a35087b6a609aa3a15ed8ac56c221/colorama-0.4.6-py2.py3-none-any.whl", hash = "sha256:4f1d9991f5acc0ca119f9d443620b77f9d6b33703e51011c16baf57afb285fc6", size = 25335, upload-time = "2022-10-25T02:36:20.889Z" },
]

[[package]]
name = "iniconfig"
version = "2.3.0"
source = { registry = "https://pypi.org/simple" }
sdist = { url = "https://files.pythonhosted.org/packages/72/34/14ca021ce8e5dfedc35312d08ba8bf51fdd999c576889fc2c24cb97f4f10/iniconfig-2.3.0.tar.gz", hash = "sha256:c76315c77db068650d49c5b56314774a7804df16fee4402c1f19d6d15d8c4730", size = 20503, upload-time = "2025-10-18T21:55:43.219Z" }
wheels = [
    { url = "https://files.pythonhosted.org/packages/cb/b1/3846dd7f199d53cb17f49cba7e651e9ce294d8497c8c150530ed11865bb8/iniconfig-2.3.0-py3-none-any.whl", hash = "sha256:f631c04d2c48c52b84d0d0549c99ff3859c98df65b3101406327ecc7d53fbf12", size = 7484, upload-time = "2025-10-18T21:55:41.639Z" },
]

[[package]]
name = "openvsp-navigation-mapper"
version = "0.1.0"
source = { editable = "." }
dependencies = [
    { name = "pyobjc-framework-applicationservices" },
    { name = "pyobjc-framework-cocoa" },
    { name = "pyobjc-framework-quartz" },
]

[package.dev-dependencies]
dev = [
    { name = "pytest" },
]

[package.metadata]
requires-dist = [
    { name = "pyobjc-framework-applicationservices", specifier = ">=11.0" },
    { name = "pyobjc-framework-cocoa", specifier = ">=11.0" },
    { name = "pyobjc-framework-quartz", specifier = ">=11.0" },
]

[package.metadata.requires-dev]
dev = [{ name = "pytest", specifier = ">=8.3" }]

[[package]]
name = "packaging"
version = "26.2"
source = { registry = "https://pypi.org/simple" }
sdist = { url = "https://files.pythonhosted.org/packages/d7/f1/e7a6dd94a8d4a5626c03e4e99c87f241ba9e350cd9e6d75123f992427270/packaging-26.2.tar.gz", hash = "sha256:ff452ff5a3e828ce110190feff1178bb1f2ea2281fa2075aadb987c2fb221661", size = 228134, upload-time = "2026-04-24T20:15:23.917Z" }
wheels = [
    { url = "https://files.pythonhosted.org/packages/df/b2/87e62e8c3e2f4b32e5fe99e0b86d576da1312593b39f47d8ceef365e95ed/packaging-26.2-py3-none-any.whl", hash = "sha256:5fc45236b9446107ff2415ce77c807cee2862cb6fac22b8a73826d0693b0980e", size = 100195, upload-time = "2026-04-24T20:15:22.081Z" },
]

[[package]]
name = "pluggy"
version = "1.6.0"
source = { registry = "https://pypi.org/simple" }
sdist = { url = "https://files.pythonhosted.org/packages/f9/e2/3e91f31a7d2b083fe6ef3fa267035b518369d9511ffab804f839851d2779/pluggy-1.6.0.tar.gz", hash = "sha256:7dcc130b76258d33b90f61b658791dede3486c3e6bfb003ee5c9bfb396dd22f3", size = 69412, upload-time = "2025-05-15T12:30:07.975Z" }
wheels = [
    { url = "https://files.pythonhosted.org/packages/54/20/4d324d65cc6d9205fabedc306948156824eb9f0ee1633355a8f7ec5c66bf/pluggy-1.6.0-py3-none-any.whl", hash = "sha256:e920276dd6813095e9377c0bc5566d94c932c33b27a3e3945d8389c374dd4746", size = 20538, upload-time = "2025-05-15T12:30:06.134Z" },
]

[[package]]
name = "pygments"
version = "2.20.0"
source = { registry = "https://pypi.org/simple" }
sdist = { url = "https://files.pythonhosted.org/packages/c3/b2/bc9c9196916376152d655522fdcebac55e66de6603a76a02bca1b6414f6c/pygments-2.20.0.tar.gz", hash = "sha256:6757cd03768053ff99f3039c1a36d6c0aa0b263438fcab17520b30a303a82b5f", size = 4955991, upload-time = "2026-03-29T13:29:33.898Z" }
wheels = [
    { url = "https://files.pythonhosted.org/packages/f4/7e/a72dd26f3b0f4f2bf1dd8923c85f7ceb43172af56d63c7383eb62b332364/pygments-2.20.0-py3-none-any.whl", hash = "sha256:81a9e26dd42fd28a23a2d169d86d7ac03b46e2f8b59ed4698fb4785f946d0176", size = 1231151, upload-time = "2026-03-29T13:29:30.038Z" },
]

[[package]]
name = "pyobjc-core"
version = "12.2.1"
source = { registry = "https://pypi.org/simple" }
sdist = { url = "https://files.pythonhosted.org/packages/b4/b1/729f7458a63758bd21716648a8abcd9a0c8f2d2e9897763c8a1a1c7fd31b/pyobjc_core-12.2.1.tar.gz", hash = "sha256:7a7b9b018402342cf32bf1956366896350fbe5c0478cb3ef59778f77abed7f07", size = 1063383, upload-time = "2026-06-19T16:19:39.357Z" }
wheels = [
    { url = "https://files.pythonhosted.org/packages/8c/88/300ad283bed0c971c52dcac6f70113e138169d4ce6d856ddd03d16081e51/pyobjc_core-12.2.1-cp312-cp312-macosx_10_13_universal2.whl", hash = "sha256:a64232bb27ed101d4adc7d42b0e64a6d3331aac7bee7861c037a6777a163f10b", size = 6433347, upload-time = "2026-06-19T16:04:49.341Z" },
]

[[package]]
name = "pyobjc-framework-applicationservices"
version = "12.2.1"
source = { registry = "https://pypi.org/simple" }
dependencies = [
    { name = "pyobjc-core" },
    { name = "pyobjc-framework-cocoa" },
    { name = "pyobjc-framework-coretext" },
    { name = "pyobjc-framework-quartz" },
]
sdist = { url = "https://files.pythonhosted.org/packages/5e/4d/0ebdd8144aba94b8fe9828ccee5616a4bf53d1f8bc51cff55f3cce86d695/pyobjc_framework_applicationservices-12.2.1.tar.gz", hash = "sha256:048ea663c9ac75c44a15dc7d5b8d78cbb4c97bf1c76e83835e8d5498e184001f", size = 109342, upload-time = "2026-06-19T16:19:46.149Z" }
wheels = [
    { url = "https://files.pythonhosted.org/packages/bf/89/39a7462006afbc06c69029fe4181b7359a9da25ae7864ef75f9d3ffb9272/pyobjc_framework_applicationservices-12.2.1-cp312-cp312-macosx_10_13_universal2.whl", hash = "sha256:f519ced13888d03410cd7da1f08fc56ee2944099e607216cef7ca26ecfdef61b", size = 32764, upload-time = "2026-06-19T16:05:39.26Z" },
]

[[package]]
name = "pyobjc-framework-cocoa"
version = "12.2.1"
source = { registry = "https://pypi.org/simple" }
dependencies = [
    { name = "pyobjc-core" },
]
sdist = { url = "https://files.pythonhosted.org/packages/51/34/fbe38a204643aa4e1b91391cdce07a34da565a69171ebcad08de7438a556/pyobjc_framework_cocoa-12.2.1.tar.gz", hash = "sha256:b94b37fe5730e5ae1fb0052912cd174e6ec329b0bfba4a012ae5db1014b5864b", size = 3125751, upload-time = "2026-06-19T16:20:05.159Z" }
wheels = [
    { url = "https://files.pythonhosted.org/packages/f7/cf/1b3b32b2f28f66cc053c3438ef4e6df36a1591945bf05e7399da18d74553/pyobjc_framework_cocoa-12.2.1-cp312-cp312-macosx_10_13_universal2.whl", hash = "sha256:28b9b8bab1c36efb94744786918752d0c1842f5fbb67e7d5ca97b5f736512080", size = 388113, upload-time = "2026-06-19T16:07:38.9Z" },
]

[[package]]
name = "pyobjc-framework-coretext"
version = "12.2.1"
source = { registry = "https://pypi.org/simple" }
dependencies = [
    { name = "pyobjc-core" },
    { name = "pyobjc-framework-cocoa" },
    { name = "pyobjc-framework-quartz" },
]
sdist = { url = "https://files.pythonhosted.org/packages/5a/9c/4c7f452059dc1d3845b8e627b9113c247a997b9b07518e848c2ab7ff3149/pyobjc_framework_coretext-12.2.1.tar.gz", hash = "sha256:af740e784d7c592c34025ec7165f4f6c1a69b5a2d9075f06e41e4f77c212aed2", size = 97349, upload-time = "2026-06-19T16:20:22.508Z" }
wheels = [
    { url = "https://files.pythonhosted.org/packages/c5/11/c1298c2ec3b0cd19a457a1fd0da47898f894a13df5516f80dc04d1a7a4d9/pyobjc_framework_coretext-12.2.1-cp312-cp312-macosx_10_13_universal2.whl", hash = "sha256:ac2ead13dfa4379a1566129d0e8a8ea778a2bcac9ac360a583360fd4f1ba39c6", size = 30123, upload-time = "2026-06-19T16:09:51.183Z" },
]

[[package]]
name = "pyobjc-framework-quartz"
version = "12.2.1"
source = { registry = "https://pypi.org/simple" }
dependencies = [
    { name = "pyobjc-core" },
    { name = "pyobjc-framework-cocoa" },
]
sdist = { url = "https://files.pythonhosted.org/packages/3b/f6/2a8b84dbf1fe7c04dd96ea73d991678d4e09a909f51971ecc51629bb2ab4/pyobjc_framework_quartz-12.2.1.tar.gz", hash = "sha256:b3b8b6f71e66147f8ff9e6213864cc8527e3a0b1ee90835b93ce221f4802d9b0", size = 3215521, upload-time = "2026-06-19T16:21:30.199Z" }
wheels = [
    { url = "https://files.pythonhosted.org/packages/14/fc/d7c7b3134cdbd1a487f3f77b5be125d87a6c9e7d9411035739d99335cc0c/pyobjc_framework_quartz-12.2.1-cp312-cp312-macosx_10_13_universal2.whl", hash = "sha256:de9c8cca7e95290c8d540466af11c7cdfe3a5458e6f56c34006d5b45243f9ed9", size = 219000, upload-time = "2026-06-19T16:16:04.29Z" },
]

[[package]]
name = "pytest"
version = "9.1.1"
source = { registry = "https://pypi.org/simple" }
dependencies = [
    { name = "colorama", marker = "sys_platform == 'win32'" },
    { name = "iniconfig" },
    { name = "packaging" },
    { name = "pluggy" },
    { name = "pygments" },
]
sdist = { url = "https://files.pythonhosted.org/packages/e4/47/b9efed96c114afcfa3c9d3fe98a76a1d14c74a9e266d397cf6eb64be5e01/pytest-9.1.1.tar.gz", hash = "sha256:1088fbde8f2b49d95a549a195707afa7a76a3ce9bcadc26b6d71f0ffda5fe313", size = 1636369, upload-time = "2026-06-19T10:58:32.857Z" }
wheels = [
    { url = "https://files.pythonhosted.org/packages/24/25/1de2678b631f5a49215c6c96fff41ba892b0a34df68d6d80292b1b48aa7f/pytest-9.1.1-py3-none-any.whl", hash = "sha256:37a86b45efb9a47a61a36449063e8e18d0cab3161329fc099eb21783169c4f0c", size = 386536, upload-time = "2026-06-19T10:58:31.347Z" },
]
